# This file is autogenerated, do not edit; changes may be undone by the next 'dep ensure'.


[[projects]]
  name = "github.com/albrow/jobs"
  packages = ["."]
  revision = "1db60b6a2fefa276b8966a8ee811d9d68e213f0e"
  version = "v0.4.2"

[[projects]]
  name = "github.com/benmanns/goworker"
  packages = ["."]
  revision = "36e605a9e15a8a1d99ddacc079dd178758aa1db5"
  version = "v0.1.2"

[[projects]]
  name = "github.com/bitly/go-simplejson"
  packages = ["."]
  revision = "aabad6e819789e569bd6aabf444c935aa9ba1e44"
  version = "v0.5.0"

[[projects]]
  name = "github.com/braintree/manners"
  packages = ["."]
  revision = "0b5e6b2c2843f4c83c2a40f96980b09cf4af733c"
  version = "0.4.0"

[[projects]]
  name = "github.com/cihub/seelog"
  packages = ["."]
  revision = "d2c6e5aa9fbfdd1c624e140287063c7730654115"
  version = "v2.6"

[[projects]]
  name = "github.com/davecgh/go-spew"
  packages = ["spew"]
  revision = "346938d642f2ec3594ed81d874461961cd0faa76"
  version = "v1.1.0"

[[projects]]
  branch = "master"
  name = "github.com/dchest/uniuri"
  packages = ["."]
  revision = "8902c56451e9b58ff940bbe5fec35d5f9c04584a"

[[projects]]
  name = "github.com/garyburd/redigo"
  packages = ["internal","redis"]
  revision = "d1ed5c67e5794de818ea85e6b522fda02623a484"
  version = "v1.4.0"

[[projects]]
  branch = "master"
  name = "github.com/gocraft/health"
  packages = [".","stack"]
  revision = "8675af27fef0dc5c973d0957f1b1b50ffac513f9"

[[projects]]
  name = "github.com/gocraft/web"
  packages = ["."]
  revision = "0973dfd3866277297f7caed311af67cc4ca1126e"
  version = "v1.1"

[[projects]]
  name = "github.com/gocraft/work"
  packages = [".","webui","webui/internal/assets"]
  revision = "67c8dc210ce647e8d8a4206c7f5856ea2390f290"
  version = "v0.5.0"

[[projects]]
  branch = "master"
  name = "github.com/golang/glog"
  packages = ["."]
  revision = "23def4e6c14b4da8ac2ed8007337bc5eb5007998"

[[projects]]
  branch = "master"
  name = "github.com/jrallison/go-workers"
  packages = ["."]
  revision = "d60d79dbbfbb83f849d2430013a59152845fa598"

[[projects]]
  name = "github.com/pmezard/go-difflib"
  packages = ["difflib"]
  revision = "792786c7400a136282c1664665ae0a8db921c6c2"
  version = "v1.0.0"

[[projects]]
  name = "github.com/robfig/cron"
  packages = ["."]
  revision = "b024fc5ea0e34bc3f83d9941c8d60b0622bfaca4"
  version = "v1"

[[projects]]
  name = "github.com/stretchr/testify"
  packages = ["assert"]
  revision = "b91bfb9ebec76498946beb6af7c0230c7cc7ba6c"
  version = "v1.2.0"

[[projects]]
  name = "github.com/youtube/vitess"
  packages = ["go/acl","go/cache","go/pools","go/sync2"]
  revision = "89cc312b4da3004d3b5382cf2b37d70e901b1c36"
  version = "v2.1.1"

[[projects]]
  branch = "master"
  name = "golang.org/x/net"
  packages = ["context"]
  revision = "42fe2e1c20de1054d3d30f82cc9fb5b41e2e3767"

[solve-meta]
  analyzer-name = "dep"
  analyzer-version = 1
  inputs-digest = "d70cf99674e3e3387aa22a7a12d26b22f8f3d6711c3afcb16a223bea8b2bca73"
  solver-name = "gps-cdcl"
  solver-version = 1
